
Microsoft Visual Studio Solution File, Format Version 12.00
# Visual Studio Version 17
VisualStudioVersion = 17.0.31903.59
MinimumVisualStudioVersion = 10.0.40219.1
Project("{2150E333-8FDC-42A3-9474-1A3956D46DE8}") = "src", "src", "{24D4AFDC-C4D5-4154-A182-D8E127BE2A46}"
EndProject
Project("{FAE04EC0-301F-11D3-BF4B-00C04F79EFBC}") = "OrderSphere.API", "src\OrderSphere.API\OrderSphere.API.csproj", "{6E4B9F46-85AA-405B-A969-DD65B9AAE6C7}"
EndProject
Project("{FAE04EC0-301F-11D3-BF4B-00C04F79EFBC}") = "OrderSphere.Application", "src\OrderSphere.Application\OrderSphere.Application.csproj", "{E72C88FF-D5FC-4C9B-8E85-32ED566BC55D}"
EndProject
Project("{FAE04EC0-301F-11D3-BF4B-00C04F79EFBC}") = "OrderSphere.Domain", "src\OrderSphere.Domain\OrderSphere.Domain.csproj", "{6AF2875C-4AA9-4C76-9E65-0CF9D12FA9FD}"
EndProject
Project("{FAE04EC0-301F-11D3-BF4B-00C04F79EFBC}") = "OrderSphere.Persistence", "src\OrderSphere.Persistence\OrderSphere.Persistence.csproj", "{C64705A2-8B6E-448D-B861-7D65A89070EC}"
EndProject
Project("{FAE04EC0-301F-11D3-BF4B-00C04F79EFBC}") = "OrderSphere.Infrastructure", "src\OrderSphere.Infrastructure\OrderSphere.Infrastructure.csproj", "{AD3379E7-0BF0-450E-94D4-9BB842641C57}"
EndProject
Project("{FAE04EC0-301F-11D3-BF4B-00C04F79EFBC}") = "OrderSphere.Shared", "src\OrderSphere.Shared\OrderSphere.Shared.csproj", "{DD79FD4B-290E-4D27-8CEA-142C0D91FDB6}"
EndProject
Global
	GlobalSection(SolutionConfigurationPlatforms) = preSolution
		Debug|Any CPU = Debug|Any CPU
		Release|Any CPU = Release|Any CPU
	EndGlobalSection
	GlobalSection(SolutionProperties) = preSolution
		HideSolutionNode = FALSE
	EndGlobalSection
	GlobalSection(ProjectConfigurationPlatforms) = postSolution
		{6E4B9F46-85AA-405B-A969-DD65B9AAE6C7}.Debug|Any CPU.ActiveCfg = Debug|Any CPU
		{6E4B9F46-85AA-405B-A969-DD65B9AAE6C7}.Debug|Any CPU.Build.0 = Debug|Any CPU
		{6E4B9F46-85AA-405B-A969-DD65B9AAE6C7}.Release|Any CPU.ActiveCfg = Release|Any CPU
		{6E4B9F46-85AA-405B-A969-DD65B9AAE6C7}.Release|Any CPU.Build.0 = Release|Any CPU
		{E72C88FF-D5FC-4C9B-8E85-32ED566BC55D}.Debug|Any CPU.ActiveCfg = Debug|Any CPU
		{E72C88FF-D5FC-4C9B-8E85-32ED566BC55D}.Debug|Any CPU.Build.0 = Debug|Any CPU
		{E72C88FF-D5FC-4C9B-8E85-32ED566BC55D}.Release|Any CPU.ActiveCfg = Release|Any CPU
		{E72C88FF-D5FC-4C9B-8E85-32ED566BC55D}.Release|Any CPU.Build.0 = Release|Any CPU
		{6AF2875C-4AA9-4C76-9E65-0CF9D12FA9FD}.Debug|Any CPU.ActiveCfg = Debug|Any CPU
		{6AF2875C-4AA9-4C76-9E65-0CF9D12FA9FD}.Debug|Any CPU.Build.0 = Debug|Any CPU
		{6AF2875C-4AA9-4C76-9E65-0CF9D12FA9FD}.Release|Any CPU.ActiveCfg = Release|Any CPU
		{6AF2875C-4AA9-4C76-9E65-0CF9D12FA9FD}.Release|Any CPU.Build.0 = Release|Any CPU
		{C64705A2-8B6E-448D-B861-7D65A89070EC}.Debug|Any CPU.ActiveCfg = Debug|Any CPU
		{C64705A2-8B6E-448D-B861-7D65A89070EC}.Debug|Any CPU.Build.0 = Debug|Any CPU
		{C64705A2-8B6E-448D-B861-7D65A89070EC}.Release|Any CPU.ActiveCfg = Release|Any CPU
		{C64705A2-8B6E-448D-B861-7D65A89070EC}.Release|Any CPU.Build.0 = Release|Any CPU
		{AD3379E7-0BF0-450E-94D4-9BB842641C57}.Debug|Any CPU.ActiveCfg = Debug|Any CPU
		{AD3379E7-0BF0-450E-94D4-9BB842641C57}.Debug|Any CPU.Build.0 = Debug|Any CPU
		{AD3379E7-0BF0-450E-94D4-9BB842641C57}.Release|Any CPU.ActiveCfg = Release|Any CPU
		{AD3379E7-0BF0-450E-94D4-9BB842641C57}.Release|Any CPU.Build.0 = Release|Any CPU
		{DD79FD4B-290E-4D27-8CEA-142C0D91FDB6}.Debug|Any CPU.ActiveCfg = Debug|Any CPU
		{DD79FD4B-290E-4D27-8CEA-142C0D91FDB6}.Debug|Any CPU.Build.0 = Debug|Any CPU
		{DD79FD4B-290E-4D27-8CEA-142C0D91FDB6}.Release|Any CPU.ActiveCfg = Release|Any CPU
		{DD79FD4B-290E-4D27-8CEA-142C0D91FDB6}.Release|Any CPU.Build.0 = Release|Any CPU
	EndGlobalSection
	GlobalSection(NestedProjects) = preSolution
		{6E4B9F46-85AA-405B-A969-DD65B9AAE6C7} = {24D4AFDC-C4D5-4154-A182-D8E127BE2A46}
		{E72C88FF-D5FC-4C9B-8E85-32ED566BC55D} = {24D4AFDC-C4D5-4154-A182-D8E127BE2A46}
		{6AF2875C-4AA9-4C76-9E65-0CF9D12FA9FD} = {24D4AFDC-C4D5-4154-A182-D8E127BE2A46}
		{C64705A2-8B6E-448D-B861-7D65A89070EC} = {24D4AFDC-C4D5-4154-A182-D8E127BE2A46}
		{AD3379E7-0BF0-450E-94D4-9BB842641C57} = {24D4AFDC-C4D5-4154-A182-D8E127BE2A46}
		{DD79FD4B-290E-4D27-8CEA-142C0D91FDB6} = {24D4AFDC-C4D5-4154-A182-D8E127BE2A46}
	EndGlobalSection
EndGlobal
